Microsoft Visual Studio Solution File, Format Version 12.00
# Visual Studio Version 17
VisualStudioVersion = 17.5.2.0
MinimumVisualStudioVersion = 10.0.40219.1
Project("{2150E333-8FDC-42A3-9474-1A3956D46DE8}") = "diskret_math", "diskret_math", "{91C3F64D-E1F9-03BD-F11F-99DB5A48C7A7}"
EndProject
Project("{2150E333-8FDC-42A3-9474-1A3956D46DE8}") = "aip", "aip", "{C738B612-951A-AFF1-7477-CC32F353574B}"
EndProject
Project("{FAE04EC0-301F-11D3-BF4B-00C04F79EFBC}") = "rgr", "diskret_math\rgr\rgr.csproj", "{79B705C6-DA2C-8B0F-5F1B-A8B83E3C6ACE}"
EndProject
Project("{2150E333-8FDC-42A3-9474-1A3956D46DE8}") = "second-grade", "second-grade", "{45DB05E9-B79E-4F85-42B2-0655AEE85BF5}"
EndProject
Project("{FAE04EC0-301F-11D3-BF4B-00C04F79EFBC}") = "02.27", "aip\second-grade\02.27\02.27.csproj", "{6637EC60-A865-278E-4CF7-2FBC68E95CF6}"
EndProject
Project("{FAE04EC0-301F-11D3-BF4B-00C04F79EFBC}") = "03.22", "aip\second-grade\03.22\03.22.csproj", "{6A68FE74-31D0-C801-AC2F-3A2BF2AC8FF4}"
EndProject
Project("{FAE04EC0-301F-11D3-BF4B-00C04F79EFBC}") = "03.13", "aip\second-grade\03.13\03.13.csproj", "{1B418D01-2481-379D-DD0E-B1AE41DE9622}"
EndProject
Project("{FAE04EC0-301F-11D3-BF4B-00C04F79EFBC}") = "04.24", "aip\second-grade\04.24\04.24.csproj", "{9A84EEA9-FCC9-1B7E-6F95-8D5F326C6C80}"
EndProject
Project("{FAE04EC0-301F-11D3-BF4B-00C04F79EFBC}") = "04.30", "aip\second-grade\04.30\04.30.csproj", "{7BA8F749-6D95-F2BC-33F0-46019EC21FB7}"
EndProject
Project("{FAE04EC0-301F-11D3-BF4B-00C04F79EFBC}") = "02.13", "aip\second-grade\02.13\02.13.csproj", "{38F6EE42-136B-A08D-D2D3-793BED885FB1}"
EndProject
Project("{FAE04EC0-301F-11D3-BF4B-00C04F79EFBC}") = "04.10", "aip\second-grade\04.10\04.10.csproj", "{4CDBF990-E66E-6DF0-71AF-128A7F977EF3}"
EndProject
Project("{FAE04EC0-301F-11D3-BF4B-00C04F79EFBC}") = "05.14", "aip\second-grade\05.14\05.14.csproj", "{36E2621C-497E-1FF5-CB2C-38EDF35997A7}"
EndProject
Project("{FAE04EC0-301F-11D3-BF4B-00C04F79EFBC}") = "04.16", "aip\second-grade\04.16\04.16.csproj", "{AA6C91A0-41F1-D7F4-E7C5-1A96B5DA030A}"
EndProject
Project("{FAE04EC0-301F-11D3-BF4B-00C04F79EFBC}") = "03.27", "aip\second-grade\03.27\03.27.csproj", "{8F7B23EE-F01D-A2FC-E47C-8CCAA4E7CAB6}"
EndProject
Project("{FAE04EC0-301F-11D3-BF4B-00C04F79EFBC}") = "04.02", "aip\second-grade\04.02\04.02.csproj", "{91FEE3F1-9F83-26AD-7E76-1C6EA2FF078A}"
EndProject
Project("{FAE04EC0-301F-11D3-BF4B-00C04F79EFBC}") = "03.05", "aip\second-grade\03.05\03.05.csproj", "{1C99358C-741A-FEFC-C778-CE4F179BBDDA}"
EndProject
Project("{FAE04EC0-301F-11D3-BF4B-00C04F79EFBC}") = "02.19", "aip\second-grade\02.19\02.19.csproj", "{CDB4854F-40C2-9319-FC58-7EAB3DB65982}"
EndProject
Project("{2150E333-8FDC-42A3-9474-1A3956D46DE8}") = "rgr", "rgr", "{B1C1D72A-EB06-0743-B37F-E26F8D5AC8B6}"
EndProject
Project("{FAE04EC0-301F-11D3-BF4B-00C04F79EFBC}") = "task2", "aip\second-grade\rgr\task2\task2.csproj", "{EF23E4A3-7540-797D-181E-8CF31A6B7629}"
EndProject
Project("{FAE04EC0-301F-11D3-BF4B-00C04F79EFBC}") = "task1", "aip\second-grade\rgr\task1\task1.csproj", "{91895188-A038-E92C-3537-CE2B6C31A72B}"
EndProject
Global
	GlobalSection(SolutionConfigurationPlatforms) = preSolution
		Debug|Any CPU = Debug|Any CPU
		Release|Any CPU = Release|Any CPU
	EndGlobalSection
	GlobalSection(ProjectConfigurationPlatforms) = postSolution
		{79B705C6-DA2C-8B0F-5F1B-A8B83E3C6ACE}.Debug|Any CPU.ActiveCfg = Debug|Any CPU
		{79B705C6-DA2C-8B0F-5F1B-A8B83E3C6ACE}.Debug|Any CPU.Build.0 = Debug|Any CPU
		{79B705C6-DA2C-8B0F-5F1B-A8B83E3C6ACE}.Release|Any CPU.ActiveCfg = Release|Any CPU
		{79B705C6-DA2C-8B0F-5F1B-A8B83E3C6ACE}.Release|Any CPU.Build.0 = Release|Any CPU
		{6637EC60-A865-278E-4CF7-2FBC68E95CF6}.Debug|Any CPU.ActiveCfg = Debug|Any CPU
		{6637EC60-A865-278E-4CF7-2FBC68E95CF6}.Debug|Any CPU.Build.0 = Debug|Any CPU
		{6637EC60-A865-278E-4CF7-2FBC68E95CF6}.Release|Any CPU.ActiveCfg = Release|Any CPU
		{6637EC60-A865-278E-4CF7-2FBC68E95CF6}.Release|Any CPU.Build.0 = Release|Any CPU
		{6A68FE74-31D0-C801-AC2F-3A2BF2AC8FF4}.Debug|Any CPU.ActiveCfg = Debug|Any CPU
		{6A68FE74-31D0-C801-AC2F-3A2BF2AC8FF4}.Debug|Any CPU.Build.0 = Debug|Any CPU
		{6A68FE74-31D0-C801-AC2F-3A2BF2AC8FF4}.Release|Any CPU.ActiveCfg = Release|Any CPU
		{6A68FE74-31D0-C801-AC2F-3A2BF2AC8FF4}.Release|Any CPU.Build.0 = Release|Any CPU
		{1B418D01-2481-379D-DD0E-B1AE41DE9622}.Debug|Any CPU.ActiveCfg = Debug|Any CPU
		{1B418D01-2481-379D-DD0E-B1AE41DE9622}.Debug|Any CPU.Build.0 = Debug|Any CPU
		{1B418D01-2481-379D-DD0E-B1AE41DE9622}.Release|Any CPU.ActiveCfg = Release|Any CPU
		{1B418D01-2481-379D-DD0E-B1AE41DE9622}.Release|Any CPU.Build.0 = Release|Any CPU
		{9A84EEA9-FCC9-1B7E-6F95-8D5F326C6C80}.Debug|Any CPU.ActiveCfg = Debug|Any CPU
		{9A84EEA9-FCC9-1B7E-6F95-8D5F326C6C80}.Debug|Any CPU.Build.0 = Debug|Any CPU
		{9A84EEA9-FCC9-1B7E-6F95-8D5F326C6C80}.Release|Any CPU.ActiveCfg = Release|Any CPU
		{9A84EEA9-FCC9-1B7E-6F95-8D5F326C6C80}.Release|Any CPU.Build.0 = Release|Any CPU
		{7BA8F749-6D95-F2BC-33F0-46019EC21FB7}.Debug|Any CPU.ActiveCfg = Debug|Any CPU
		{7BA8F749-6D95-F2BC-33F0-46019EC21FB7}.Debug|Any CPU.Build.0 = Debug|Any CPU
		{7BA8F749-6D95-F2BC-33F0-46019EC21FB7}.Release|Any CPU.ActiveCfg = Release|Any CPU
		{7BA8F749-6D95-F2BC-33F0-46019EC21FB7}.Release|Any CPU.Build.0 = Release|Any CPU
		{38F6EE42-136B-A08D-D2D3-793BED885FB1}.Debug|Any CPU.ActiveCfg = Debug|Any CPU
		{38F6EE42-136B-A08D-D2D3-793BED885FB1}.Debug|Any CPU.Build.0 = Debug|Any CPU
		{38F6EE42-136B-A08D-D2D3-793BED885FB1}.Release|Any CPU.ActiveCfg = Release|Any CPU
		{38F6EE42-136B-A08D-D2D3-793BED885FB1}.Release|Any CPU.Build.0 = Release|Any CPU
		{4CDBF990-E66E-6DF0-71AF-128A7F977EF3}.Debug|Any CPU.ActiveCfg = Debug|Any CPU
		{4CDBF990-E66E-6DF0-71AF-128A7F977EF3}.Debug|Any CPU.Build.0 = Debug|Any CPU
		{4CDBF990-E66E-6DF0-71AF-128A7F977EF3}.Release|Any CPU.ActiveCfg = Release|Any CPU
		{4CDBF990-E66E-6DF0-71AF-128A7F977EF3}.Release|Any CPU.Build.0 = Release|Any CPU
		{36E2621C-497E-1FF5-CB2C-38EDF35997A7}.Debug|Any CPU.ActiveCfg = Debug|Any CPU
		{36E2621C-497E-1FF5-CB2C-38EDF35997A7}.Debug|Any CPU.Build.0 = Debug|Any CPU
		{36E2621C-497E-1FF5-CB2C-38EDF35997A7}.Release|Any CPU.ActiveCfg = Release|Any CPU
		{36E2621C-497E-1FF5-CB2C-38EDF35997A7}.Release|Any CPU.Build.0 = Release|Any CPU
		{AA6C91A0-41F1-D7F4-E7C5-1A96B5DA030A}.Debug|Any CPU.ActiveCfg = Debug|Any CPU
		{AA6C91A0-41F1-D7F4-E7C5-1A96B5DA030A}.Debug|Any CPU.Build.0 = Debug|Any CPU
		{AA6C91A0-41F1-D7F4-E7C5-1A96B5DA030A}.Release|Any CPU.ActiveCfg = Release|Any CPU
		{AA6C91A0-41F1-D7F4-E7C5-1A96B5DA030A}.Release|Any CPU.Build.0 = Release|Any CPU
		{8F7B23EE-F01D-A2FC-E47C-8CCAA4E7CAB6}.Debug|Any CPU.ActiveCfg = Debug|Any CPU
		{8F7B23EE-F01D-A2FC-E47C-8CCAA4E7CAB6}.Debug|Any CPU.Build.0 = Debug|Any CPU
		{8F7B23EE-F01D-A2FC-E47C-8CCAA4E7CAB6}.Release|Any CPU.ActiveCfg = Release|Any CPU
		{8F7B23EE-F01D-A2FC-E47C-8CCAA4E7CAB6}.Release|Any CPU.Build.0 = Release|Any CPU
		{91FEE3F1-9F83-26AD-7E76-1C6EA2FF078A}.Debug|Any CPU.ActiveCfg = Debug|Any CPU
		{91FEE3F1-9F83-26AD-7E76-1C6EA2FF078A}.Debug|Any CPU.Build.0 = Debug|Any CPU
		{91FEE3F1-9F83-26AD-7E76-1C6EA2FF078A}.Release|Any CPU.ActiveCfg = Release|Any CPU
		{91FEE3F1-9F83-26AD-7E76-1C6EA2FF078A}.Release|Any CPU.Build.0 = Release|Any CPU
		{1C99358C-741A-FEFC-C778-CE4F179BBDDA}.Debug|Any CPU.ActiveCfg = Debug|Any CPU
		{1C99358C-741A-FEFC-C778-CE4F179BBDDA}.Debug|Any CPU.Build.0 = Debug|Any CPU
		{1C99358C-741A-FEFC-C778-CE4F179BBDDA}.Release|Any CPU.ActiveCfg = Release|Any CPU
		{1C99358C-741A-FEFC-C778-CE4F179BBDDA}.Release|Any CPU.Build.0 = Release|Any CPU
		{CDB4854F-40C2-9319-FC58-7EAB3DB65982}.Debug|Any CPU.ActiveCfg = Debug|Any CPU
		{CDB4854F-40C2-9319-FC58-7EAB3DB65982}.Debug|Any CPU.Build.0 = Debug|Any CPU
		{CDB4854F-40C2-9319-FC58-7EAB3DB65982}.Release|Any CPU.ActiveCfg = Release|Any CPU
		{CDB4854F-40C2-9319-FC58-7EAB3DB65982}.Release|Any CPU.Build.0 = Release|Any CPU
		{EF23E4A3-7540-797D-181E-8CF31A6B7629}.Debug|Any CPU.ActiveCfg = Debug|Any CPU
		{EF23E4A3-7540-797D-181E-8CF31A6B7629}.Debug|Any CPU.Build.0 = Debug|Any CPU
		{EF23E4A3-7540-797D-181E-8CF31A6B7629}.Release|Any CPU.ActiveCfg = Release|Any CPU
		{EF23E4A3-7540-797D-181E-8CF31A6B7629}.Release|Any CPU.Build.0 = Release|Any CPU
		{91895188-A038-E92C-3537-CE2B6C31A72B}.Debug|Any CPU.ActiveCfg = Debug|Any CPU
		{91895188-A038-E92C-3537-CE2B6C31A72B}.Debug|Any CPU.Build.0 = Debug|Any CPU
		{91895188-A038-E92C-3537-CE2B6C31A72B}.Release|Any CPU.ActiveCfg = Release|Any CPU
		{91895188-A038-E92C-3537-CE2B6C31A72B}.Release|Any CPU.Build.0 = Release|Any CPU
	EndGlobalSection
	GlobalSection(SolutionProperties) = preSolution
		HideSolutionNode = FALSE
	EndGlobalSection
	GlobalSection(NestedProjects) = preSolution
		{79B705C6-DA2C-8B0F-5F1B-A8B83E3C6ACE} = {91C3F64D-E1F9-03BD-F11F-99DB5A48C7A7}
		{45DB05E9-B79E-4F85-42B2-0655AEE85BF5} = {C738B612-951A-AFF1-7477-CC32F353574B}
		{6637EC60-A865-278E-4CF7-2FBC68E95CF6} = {45DB05E9-B79E-4F85-42B2-0655AEE85BF5}
		{6A68FE74-31D0-C801-AC2F-3A2BF2AC8FF4} = {45DB05E9-B79E-4F85-42B2-0655AEE85BF5}
		{1B418D01-2481-379D-DD0E-B1AE41DE9622} = {45DB05E9-B79E-4F85-42B2-0655AEE85BF5}
		{9A84EEA9-FCC9-1B7E-6F95-8D5F326C6C80} = {45DB05E9-B79E-4F85-42B2-0655AEE85BF5}
		{7BA8F749-6D95-F2BC-33F0-46019EC21FB7} = {45DB05E9-B79E-4F85-42B2-0655AEE85BF5}
		{38F6EE42-136B-A08D-D2D3-793BED885FB1} = {45DB05E9-B79E-4F85-42B2-0655AEE85BF5}
		{4CDBF990-E66E-6DF0-71AF-128A7F977EF3} = {45DB05E9-B79E-4F85-42B2-0655AEE85BF5}
		{36E2621C-497E-1FF5-CB2C-38EDF35997A7} = {45DB05E9-B79E-4F85-42B2-0655AEE85BF5}
		{AA6C91A0-41F1-D7F4-E7C5-1A96B5DA030A} = {45DB05E9-B79E-4F85-42B2-0655AEE85BF5}
		{8F7B23EE-F01D-A2FC-E47C-8CCAA4E7CAB6} = {45DB05E9-B79E-4F85-42B2-0655AEE85BF5}
		{91FEE3F1-9F83-26AD-7E76-1C6EA2FF078A} = {45DB05E9-B79E-4F85-42B2-0655AEE85BF5}
		{1C99358C-741A-FEFC-C778-CE4F179BBDDA} = {45DB05E9-B79E-4F85-42B2-0655AEE85BF5}
		{CDB4854F-40C2-9319-FC58-7EAB3DB65982} = {45DB05E9-B79E-4F85-42B2-0655AEE85BF5}
		{B1C1D72A-EB06-0743-B37F-E26F8D5AC8B6} = {45DB05E9-B79E-4F85-42B2-0655AEE85BF5}
		{EF23E4A3-7540-797D-181E-8CF31A6B7629} = {B1C1D72A-EB06-0743-B37F-E26F8D5AC8B6}
		{91895188-A038-E92C-3537-CE2B6C31A72B} = {B1C1D72A-EB06-0743-B37F-E26F8D5AC8B6}
	EndGlobalSection
	GlobalSection(ExtensibilityGlobals) = postSolution
		SolutionGuid = {04B81BE4-48E8-4797-A422-B7BF0D5B81C3}
	EndGlobalSection
EndGlobal
